
Microsoft Visual Studio Solution File, Format Version 12.00
# Visual Studio Version 17
VisualStudioVersion = 17.6.33723.286
MinimumVisualStudioVersion = 10.0.40219.1
Project("{FAE04EC0-301F-11D3-BF4B-00C04F79EFBC}") = "Ztore", "Ztore\Ztore.csproj", "{87CE46A8-99BE-4364-9D35-0B977DB66743}"
EndProject
Global
	GlobalSection(SolutionConfigurationPlatforms) = preSolution
		Debug|Any CPU = Debug|Any CPU
		Release|Any CPU = Release|Any CPU
	EndGlobalSection
	GlobalSection(ProjectConfigurationPlatforms) = postSolution
		{87CE46A8-99BE-4364-9D35-0B977DB66743}.Debug|Any CPU.ActiveCfg = Debug|Any CPU
		{87CE46A8-99BE-4364-9D35-0B977DB66743}.Debug|Any CPU.Build.0 = Debug|Any CPU
		{87CE46A8-99BE-4364-9D35-0B977DB66743}.Release|Any CPU.ActiveCfg = Release|Any CPU
		{87CE46A8-99BE-4364-9D35-0B977DB66743}.Release|Any CPU.Build.0 = Release|Any CPU
	EndGlobalSection
	GlobalSection(SolutionProperties) = preSolution
		HideSolutionNode = FALSE
	EndGlobalSection
	GlobalSection(ExtensibilityGlobals) = postSolution
		SolutionGuid = {C1433F19-A73B-4B70-BE22-D74A4C29B23E}
	EndGlobalSection
EndGlobal
